
Microsoft Visual Studio Solution File, Format Version 12.00
# Visual Studio Version 17
VisualStudioVersion = 17.7.34024.191
MinimumVisualStudioVersion = 10.0.40219.1
Project("{2150E333-8FDC-42A3-9474-1A3956D46DE8}") = "Task0", "Task0", "{E113218C-951B-4C44-BE52-0BE17F0436C7}"
EndProject
Project("{FAE04EC0-301F-11D3-BF4B-00C04F79EFBC}") = "Tyuiu.EmelianovaKP.Sprint3.Task0.V21.Lib", "Tyuiu.EmelianovaKP.Sprint3.Task0.V21.Lib\Tyuiu.EmelianovaKP.Sprint3.Task0.V21.Lib.csproj", "{9A771072-8882-467E-A195-AA8B6BD04CFA}"
EndProject
Project("{FAE04EC0-301F-11D3-BF4B-00C04F79EFBC}") = "Tyuiu.EmelianovaKP.Sprint3.Task0.V21.Test", "Tyuiu.EmelianovaKP.Sprint3.Task0.V21.Test\Tyuiu.EmelianovaKP.Sprint3.Task0.V21.Test.csproj", "{2EAC4FE8-180B-4C2C-8D5D-58A8D573DB94}"
EndProject
Project("{FAE04EC0-301F-11D3-BF4B-00C04F79EFBC}") = "Tyuiu.EmelianovaKP.Sprint3.Task0.V21", "Tyuiu.EmelianovaKP.Sprint3.Task0.V21\Tyuiu.EmelianovaKP.Sprint3.Task0.V21.csproj", "{85C32A85-DFF8-428A-A30B-5854E79A463B}"
EndProject
Project("{2150E333-8FDC-42A3-9474-1A3956D46DE8}") = "Task1", "Task1", "{CC105548-7BF3-443A-8367-076B5A904C8F}"
EndProject
Project("{FAE04EC0-301F-11D3-BF4B-00C04F79EFBC}") = "Tyuiu.EmelianovaKP.Sprint3.Task1.V18.Lib", "Tyuiu.EmelianovaKP.Sprint3.Task1.V18.Lib\Tyuiu.EmelianovaKP.Sprint3.Task1.V18.Lib.csproj", "{AF0B096A-9690-42EA-83E5-C330D1C34052}"
EndProject
Project("{FAE04EC0-301F-11D3-BF4B-00C04F79EFBC}") = "Tyuiu.EmelianovaKP.Sprint3.Task1.V18.Test", "Tyuiu.EmelianovaKP.Sprint3.Task1.V18.Test\Tyuiu.EmelianovaKP.Sprint3.Task1.V18.Test.csproj", "{9BFF44D9-8C5E-4397-ADCB-20B1F9A3279D}"
EndProject
Project("{FAE04EC0-301F-11D3-BF4B-00C04F79EFBC}") = "Tyuiu.EmelianovaKP.Sprint3.Task1.V18", "Tyuiu.EmelianovaKP.Sprint3.Task1.V18\Tyuiu.EmelianovaKP.Sprint3.Task1.V18.csproj", "{DEBA8562-631C-4D02-8A5F-9C51B60E4599}"
EndProject
Global
	GlobalSection(SolutionConfigurationPlatforms) = preSolution
		Debug|Any CPU = Debug|Any CPU
		Release|Any CPU = Release|Any CPU
	EndGlobalSection
	GlobalSection(ProjectConfigurationPlatforms) = postSolution
		{9A771072-8882-467E-A195-AA8B6BD04CFA}.Debug|Any CPU.ActiveCfg = Debug|Any CPU
		{9A771072-8882-467E-A195-AA8B6BD04CFA}.Debug|Any CPU.Build.0 = Debug|Any CPU
		{9A771072-8882-467E-A195-AA8B6BD04CFA}.Release|Any CPU.ActiveCfg = Release|Any CPU
		{9A771072-8882-467E-A195-AA8B6BD04CFA}.Release|Any CPU.Build.0 = Release|Any CPU
		{2EAC4FE8-180B-4C2C-8D5D-58A8D573DB94}.Debug|Any CPU.ActiveCfg = Debug|Any CPU
		{2EAC4FE8-180B-4C2C-8D5D-58A8D573DB94}.Debug|Any CPU.Build.0 = Debug|Any CPU
		{2EAC4FE8-180B-4C2C-8D5D-58A8D573DB94}.Release|Any CPU.ActiveCfg = Release|Any CPU
		{2EAC4FE8-180B-4C2C-8D5D-58A8D573DB94}.Release|Any CPU.Build.0 = Release|Any CPU
		{85C32A85-DFF8-428A-A30B-5854E79A463B}.Debug|Any CPU.ActiveCfg = Debug|Any CPU
		{85C32A85-DFF8-428A-A30B-5854E79A463B}.Debug|Any CPU.Build.0 = Debug|Any CPU
		{85C32A85-DFF8-428A-A30B-5854E79A463B}.Release|Any CPU.ActiveCfg = Release|Any CPU
		{85C32A85-DFF8-428A-A30B-5854E79A463B}.Release|Any CPU.Build.0 = Release|Any CPU
		{AF0B096A-9690-42EA-83E5-C330D1C34052}.Debug|Any CPU.ActiveCfg = Debug|Any CPU
		{AF0B096A-9690-42EA-83E5-C330D1C34052}.Debug|Any CPU.Build.0 = Debug|Any CPU
		{AF0B096A-9690-42EA-83E5-C330D1C34052}.Release|Any CPU.ActiveCfg = Release|Any CPU
		{AF0B096A-9690-42EA-83E5-C330D1C34052}.Release|Any CPU.Build.0 = Release|Any CPU
		{9BFF44D9-8C5E-4397-ADCB-20B1F9A3279D}.Debug|Any CPU.ActiveCfg = Debug|Any CPU
		{9BFF44D9-8C5E-4397-ADCB-20B1F9A3279D}.Debug|Any CPU.Build.0 = Debug|Any CPU
		{9BFF44D9-8C5E-4397-ADCB-20B1F9A3279D}.Release|Any CPU.ActiveCfg = Release|Any CPU
		{9BFF44D9-8C5E-4397-ADCB-20B1F9A3279D}.Release|Any CPU.Build.0 = Release|Any CPU
		{DEBA8562-631C-4D02-8A5F-9C51B60E4599}.Debug|Any CPU.ActiveCfg = Debug|Any CPU
		{DEBA8562-631C-4D02-8A5F-9C51B60E4599}.Debug|Any CPU.Build.0 = Debug|Any CPU
		{DEBA8562-631C-4D02-8A5F-9C51B60E4599}.Release|Any CPU.ActiveCfg = Release|Any CPU
		{DEBA8562-631C-4D02-8A5F-9C51B60E4599}.Release|Any CPU.Build.0 = Release|Any CPU
	EndGlobalSection
	GlobalSection(SolutionProperties) = preSolution
		HideSolutionNode = FALSE
	EndGlobalSection
	GlobalSection(NestedProjects) = preSolution
		{9A771072-8882-467E-A195-AA8B6BD04CFA} = {E113218C-951B-4C44-BE52-0BE17F0436C7}
		{2EAC4FE8-180B-4C2C-8D5D-58A8D573DB94} = {E113218C-951B-4C44-BE52-0BE17F0436C7}
		{85C32A85-DFF8-428A-A30B-5854E79A463B} = {E113218C-951B-4C44-BE52-0BE17F0436C7}
		{AF0B096A-9690-42EA-83E5-C330D1C34052} = {CC105548-7BF3-443A-8367-076B5A904C8F}
		{9BFF44D9-8C5E-4397-ADCB-20B1F9A3279D} = {CC105548-7BF3-443A-8367-076B5A904C8F}
		{DEBA8562-631C-4D02-8A5F-9C51B60E4599} = {CC105548-7BF3-443A-8367-076B5A904C8F}
	EndGlobalSection
	GlobalSection(ExtensibilityGlobals) = postSolution
		SolutionGuid = {55358401-0B6E-4978-8E5E-D537D1A4D59E}
	EndGlobalSection
EndGlobal
