
Microsoft Visual Studio Solution File, Format Version 12.00
# Visual Studio Version 17
VisualStudioVersion = 17.7.34024.191
MinimumVisualStudioVersion = 10.0.40219.1
Project("{2150E333-8FDC-42A3-9474-1A3956D46DE8}") = "Task0", "Task0", "{E113218C-951B-4C44-BE52-0BE17F0436C7}"
EndProject
Project("{FAE04EC0-301F-11D3-BF4B-00C04F79EFBC}") = "Tyuiu.EmelianovaKP.Sprint3.Task0.V21.Lib", "Tyuiu.EmelianovaKP.Sprint3.Task0.V21.Lib\Tyuiu.EmelianovaKP.Sprint3.Task0.V21.Lib.csproj", "{9A771072-8882-467E-A195-AA8B6BD04CFA}"
EndProject
Project("{FAE04EC0-301F-11D3-BF4B-00C04F79EFBC}") = "Tyuiu.EmelianovaKP.Sprint3.Task0.V21.Test", "Tyuiu.EmelianovaKP.Sprint3.Task0.V21.Test\Tyuiu.EmelianovaKP.Sprint3.Task0.V21.Test.csproj", "{2EAC4FE8-180B-4C2C-8D5D-58A8D573DB94}"
EndProject
Project("{FAE04EC0-301F-11D3-BF4B-00C04F79EFBC}") = "Tyuiu.EmelianovaKP.Sprint3.Task0.V21", "Tyuiu.EmelianovaKP.Sprint3.Task0.V21\Tyuiu.EmelianovaKP.Sprint3.Task0.V21.csproj", "{85C32A85-DFF8-428A-A30B-5854E79A463B}"
EndProject
Project("{2150E333-8FDC-42A3-9474-1A3956D46DE8}") = "Task1", "Task1", "{CC105548-7BF3-443A-8367-076B5A904C8F}"
EndProject
Project("{FAE04EC0-301F-11D3-BF4B-00C04F79EFBC}") = "Tyuiu.EmelianovaKP.Sprint3.Task1.V18.Lib", "Tyuiu.EmelianovaKP.Sprint3.Task1.V18.Lib\Tyuiu.EmelianovaKP.Sprint3.Task1.V18.Lib.csproj", "{AF0B096A-9690-42EA-83E5-C330D1C34052}"
EndProject
Project("{FAE04EC0-301F-11D3-BF4B-00C04F79EFBC}") = "Tyuiu.EmelianovaKP.Sprint3.Task1.V18.Test", "Tyuiu.EmelianovaKP.Sprint3.Task1.V18.Test\Tyuiu.EmelianovaKP.Sprint3.Task1.V18.Test.csproj", "{9BFF44D9-8C5E-4397-ADCB-20B1F9A3279D}"
EndProject
Project("{FAE04EC0-301F-11D3-BF4B-00C04F79EFBC}") = "Tyuiu.EmelianovaKP.Sprint3.Task1.V18", "Tyuiu.EmelianovaKP.Sprint3.Task1.V18\Tyuiu.EmelianovaKP.Sprint3.Task1.V18.csproj", "{DEBA8562-631C-4D02-8A5F-9C51B60E4599}"
EndProject
Project("{2150E333-8FDC-42A3-9474-1A3956D46DE8}") = "Task2", "Task2", "{D4D155A2-0ADB-47FD-BC97-6DCB803BB9DB}"
EndProject
Project("{FAE04EC0-301F-11D3-BF4B-00C04F79EFBC}") = "Tyuiu.EmelianovaKP.Sprint3.Task2.V28.Lib", "Tyuiu.EmelianovaKP.Sprint3.Task2.V28.Lib\Tyuiu.EmelianovaKP.Sprint3.Task2.V28.Lib.csproj", "{808D8732-7033-451F-8B91-3E20BD6E6C5E}"
EndProject
Project("{FAE04EC0-301F-11D3-BF4B-00C04F79EFBC}") = "Tyuiu.EmelianovaKP.Sprint3.Task2.V28.Test", "Tyuiu.EmelianovaKP.Sprint3.Task2.V28.Test\Tyuiu.EmelianovaKP.Sprint3.Task2.V28.Test.csproj", "{1C10F29D-7D5A-4A69-9179-3E0382D9EC84}"
EndProject
Project("{FAE04EC0-301F-11D3-BF4B-00C04F79EFBC}") = "Tyuiu.EmelianovaKP.Sprint3.Task2.V28", "Tyuiu.EmelianovaKP.Sprint3.Task2.V28\Tyuiu.EmelianovaKP.Sprint3.Task2.V28.csproj", "{8CCC7FB8-F0DA-4C4C-896F-A316A98EBC26}"
EndProject
Project("{2150E333-8FDC-42A3-9474-1A3956D46DE8}") = "Task3", "Task3", "{7C774D11-57E1-46B8-8962-D1BD90D4CD70}"
EndProject
Project("{FAE04EC0-301F-11D3-BF4B-00C04F79EFBC}") = "Tyuiu.EmelianovaKP.Sprint3.Task3.V30.Lib", "Tyuiu.EmelianovaKP.Sprint3.Task3.V30.Lib\Tyuiu.EmelianovaKP.Sprint3.Task3.V30.Lib.csproj", "{C80109B1-F61B-4E68-B280-80369A1AE4B4}"
EndProject
Project("{FAE04EC0-301F-11D3-BF4B-00C04F79EFBC}") = "Tyuiu.EmelianovaKP.Sprint3.Task3.V30.Test", "Tyuiu.EmelianovaKP.Sprint3.Task3.V30.Test\Tyuiu.EmelianovaKP.Sprint3.Task3.V30.Test.csproj", "{BAD9CB0C-D3B2-45BF-B185-B7D93A5CFB73}"
EndProject
Project("{FAE04EC0-301F-11D3-BF4B-00C04F79EFBC}") = "Tyuiu.EmelianovaKP.Sprint3.Task3.V30", "Tyuiu.EmelianovaKP.Sprint3.Task3.V30\Tyuiu.EmelianovaKP.Sprint3.Task3.V30.csproj", "{D634DCF4-26F9-4C7C-BFC0-BB588E396CC1}"
EndProject
Project("{2150E333-8FDC-42A3-9474-1A3956D46DE8}") = "Task4", "Task4", "{9AE8DCF5-DDBB-435E-93DE-BC241700D2AD}"
EndProject
Project("{FAE04EC0-301F-11D3-BF4B-00C04F79EFBC}") = "Tyuiu.EmelianovaKP.Sprint3.Task4.V4.Lib", "Tyuiu.EmelianovaKP.Sprint3.Task4.V4.Lib\Tyuiu.EmelianovaKP.Sprint3.Task4.V4.Lib.csproj", "{AD74A5DD-3195-41C6-A751-D90126B586F6}"
EndProject
Project("{FAE04EC0-301F-11D3-BF4B-00C04F79EFBC}") = "Tyuiu.EmelianovaKP.Sprint3.Task4.V4.Test", "Tyuiu.EmelianovaKP.Sprint3.Task4.V4.Test\Tyuiu.EmelianovaKP.Sprint3.Task4.V4.Test.csproj", "{5F4624CD-7B25-4844-8F4F-42383C9D926F}"
EndProject
Project("{FAE04EC0-301F-11D3-BF4B-00C04F79EFBC}") = "Tyuiu.EmelianovaKP.Sprint3.Task4.V4", "Tyuiu.EmelianovaKP.Sprint3.Task4.V4\Tyuiu.EmelianovaKP.Sprint3.Task4.V4.csproj", "{847B7E0C-9208-469A-AAAD-4911B29CA41B}"
EndProject
Project("{2150E333-8FDC-42A3-9474-1A3956D46DE8}") = "Task5", "Task5", "{A8E43950-8061-4028-BF22-68B794C152C9}"
EndProject
Project("{FAE04EC0-301F-11D3-BF4B-00C04F79EFBC}") = "Tyuiu.EmelianovaKP.Sprint3.Task5.V9.Lib", "Tyuiu.EmelianovaKP.Sprint3.Task5.V9.Lib\Tyuiu.EmelianovaKP.Sprint3.Task5.V9.Lib.csproj", "{08CE6F5C-8A8C-4C1F-B2D0-8CCAC1E3E4BF}"
EndProject
Project("{FAE04EC0-301F-11D3-BF4B-00C04F79EFBC}") = "Tyuiu.EmelianovaKP.Sprint3.Task5.V9.Test", "Tyuiu.EmelianovaKP.Sprint3.Task5.V9.Test\Tyuiu.EmelianovaKP.Sprint3.Task5.V9.Test.csproj", "{C9289F9F-A806-4FA8-A849-D0EB163C610B}"
EndProject
Project("{FAE04EC0-301F-11D3-BF4B-00C04F79EFBC}") = "Tyuiu.EmelianovaKP.Sprint3.Task5.V9", "Tyuiu.EmelianovaKP.Sprint3.Task5.V9\Tyuiu.EmelianovaKP.Sprint3.Task5.V9.csproj", "{AA01F5CA-DF20-4269-9D6D-4A3583D3583A}"
EndProject
Global
	GlobalSection(SolutionConfigurationPlatforms) = preSolution
		Debug|Any CPU = Debug|Any CPU
		Debug|x64 = Debug|x64
		Debug|x86 = Debug|x86
		Release|Any CPU = Release|Any CPU
		Release|x64 = Release|x64
		Release|x86 = Release|x86
	EndGlobalSection
	GlobalSection(ProjectConfigurationPlatforms) = postSolution
		{9A771072-8882-467E-A195-AA8B6BD04CFA}.Debug|Any CPU.ActiveCfg = Debug|Any CPU
		{9A771072-8882-467E-A195-AA8B6BD04CFA}.Debug|Any CPU.Build.0 = Debug|Any CPU
		{9A771072-8882-467E-A195-AA8B6BD04CFA}.Debug|x64.ActiveCfg = Debug|Any CPU
		{9A771072-8882-467E-A195-AA8B6BD04CFA}.Debug|x64.Build.0 = Debug|Any CPU
		{9A771072-8882-467E-A195-AA8B6BD04CFA}.Debug|x86.ActiveCfg = Debug|Any CPU
		{9A771072-8882-467E-A195-AA8B6BD04CFA}.Debug|x86.Build.0 = Debug|Any CPU
		{9A771072-8882-467E-A195-AA8B6BD04CFA}.Release|Any CPU.ActiveCfg = Release|Any CPU
		{9A771072-8882-467E-A195-AA8B6BD04CFA}.Release|Any CPU.Build.0 = Release|Any CPU
		{9A771072-8882-467E-A195-AA8B6BD04CFA}.Release|x64.ActiveCfg = Release|Any CPU
		{9A771072-8882-467E-A195-AA8B6BD04CFA}.Release|x64.Build.0 = Release|Any CPU
		{9A771072-8882-467E-A195-AA8B6BD04CFA}.Release|x86.ActiveCfg = Release|Any CPU
		{9A771072-8882-467E-A195-AA8B6BD04CFA}.Release|x86.Build.0 = Release|Any CPU
		{2EAC4FE8-180B-4C2C-8D5D-58A8D573DB94}.Debug|Any CPU.ActiveCfg = Debug|Any CPU
		{2EAC4FE8-180B-4C2C-8D5D-58A8D573DB94}.Debug|Any CPU.Build.0 = Debug|Any CPU
		{2EAC4FE8-180B-4C2C-8D5D-58A8D573DB94}.Debug|x64.ActiveCfg = Debug|Any CPU
		{2EAC4FE8-180B-4C2C-8D5D-58A8D573DB94}.Debug|x64.Build.0 = Debug|Any CPU
		{2EAC4FE8-180B-4C2C-8D5D-58A8D573DB94}.Debug|x86.ActiveCfg = Debug|Any CPU
		{2EAC4FE8-180B-4C2C-8D5D-58A8D573DB94}.Debug|x86.Build.0 = Debug|Any CPU
		{2EAC4FE8-180B-4C2C-8D5D-58A8D573DB94}.Release|Any CPU.ActiveCfg = Release|Any CPU
		{2EAC4FE8-180B-4C2C-8D5D-58A8D573DB94}.Release|Any CPU.Build.0 = Release|Any CPU
		{2EAC4FE8-180B-4C2C-8D5D-58A8D573DB94}.Release|x64.ActiveCfg = Release|Any CPU
		{2EAC4FE8-180B-4C2C-8D5D-58A8D573DB94}.Release|x64.Build.0 = Release|Any CPU
		{2EAC4FE8-180B-4C2C-8D5D-58A8D573DB94}.Release|x86.ActiveCfg = Release|Any CPU
		{2EAC4FE8-180B-4C2C-8D5D-58A8D573DB94}.Release|x86.Build.0 = Release|Any CPU
		{85C32A85-DFF8-428A-A30B-5854E79A463B}.Debug|Any CPU.ActiveCfg = Debug|Any CPU
		{85C32A85-DFF8-428A-A30B-5854E79A463B}.Debug|Any CPU.Build.0 = Debug|Any CPU
		{85C32A85-DFF8-428A-A30B-5854E79A463B}.Debug|x64.ActiveCfg = Debug|Any CPU
		{85C32A85-DFF8-428A-A30B-5854E79A463B}.Debug|x64.Build.0 = Debug|Any CPU
		{85C32A85-DFF8-428A-A30B-5854E79A463B}.Debug|x86.ActiveCfg = Debug|Any CPU
		{85C32A85-DFF8-428A-A30B-5854E79A463B}.Debug|x86.Build.0 = Debug|Any CPU
		{85C32A85-DFF8-428A-A30B-5854E79A463B}.Release|Any CPU.ActiveCfg = Release|Any CPU
		{85C32A85-DFF8-428A-A30B-5854E79A463B}.Release|Any CPU.Build.0 = Release|Any CPU
		{85C32A85-DFF8-428A-A30B-5854E79A463B}.Release|x64.ActiveCfg = Release|Any CPU
		{85C32A85-DFF8-428A-A30B-5854E79A463B}.Release|x64.Build.0 = Release|Any CPU
		{85C32A85-DFF8-428A-A30B-5854E79A463B}.Release|x86.ActiveCfg = Release|Any CPU
		{85C32A85-DFF8-428A-A30B-5854E79A463B}.Release|x86.Build.0 = Release|Any CPU
		{AF0B096A-9690-42EA-83E5-C330D1C34052}.Debug|Any CPU.ActiveCfg = Debug|Any CPU
		{AF0B096A-9690-42EA-83E5-C330D1C34052}.Debug|Any CPU.Build.0 = Debug|Any CPU
		{AF0B096A-9690-42EA-83E5-C330D1C34052}.Debug|x64.ActiveCfg = Debug|Any CPU
		{AF0B096A-9690-42EA-83E5-C330D1C34052}.Debug|x64.Build.0 = Debug|Any CPU
		{AF0B096A-9690-42EA-83E5-C330D1C34052}.Debug|x86.ActiveCfg = Debug|Any CPU
		{AF0B096A-9690-42EA-83E5-C330D1C34052}.Debug|x86.Build.0 = Debug|Any CPU
		{AF0B096A-9690-42EA-83E5-C330D1C34052}.Release|Any CPU.ActiveCfg = Release|Any CPU
		{AF0B096A-9690-42EA-83E5-C330D1C34052}.Release|Any CPU.Build.0 = Release|Any CPU
		{AF0B096A-9690-42EA-83E5-C330D1C34052}.Release|x64.ActiveCfg = Release|Any CPU
		{AF0B096A-9690-42EA-83E5-C330D1C34052}.Release|x64.Build.0 = Release|Any CPU
		{AF0B096A-9690-42EA-83E5-C330D1C34052}.Release|x86.ActiveCfg = Release|Any CPU
		{AF0B096A-9690-42EA-83E5-C330D1C34052}.Release|x86.Build.0 = Release|Any CPU
		{9BFF44D9-8C5E-4397-ADCB-20B1F9A3279D}.Debug|Any CPU.ActiveCfg = Debug|Any CPU
		{9BFF44D9-8C5E-4397-ADCB-20B1F9A3279D}.Debug|Any CPU.Build.0 = Debug|Any CPU
		{9BFF44D9-8C5E-4397-ADCB-20B1F9A3279D}.Debug|x64.ActiveCfg = Debug|Any CPU
		{9BFF44D9-8C5E-4397-ADCB-20B1F9A3279D}.Debug|x64.Build.0 = Debug|Any CPU
		{9BFF44D9-8C5E-4397-ADCB-20B1F9A3279D}.Debug|x86.ActiveCfg = Debug|Any CPU
		{9BFF44D9-8C5E-4397-ADCB-20B1F9A3279D}.Debug|x86.Build.0 = Debug|Any CPU
		{9BFF44D9-8C5E-4397-ADCB-20B1F9A3279D}.Release|Any CPU.ActiveCfg = Release|Any CPU
		{9BFF44D9-8C5E-4397-ADCB-20B1F9A3279D}.Release|Any CPU.Build.0 = Release|Any CPU
		{9BFF44D9-8C5E-4397-ADCB-20B1F9A3279D}.Release|x64.ActiveCfg = Release|Any CPU
		{9BFF44D9-8C5E-4397-ADCB-20B1F9A3279D}.Release|x64.Build.0 = Release|Any CPU
		{9BFF44D9-8C5E-4397-ADCB-20B1F9A3279D}.Release|x86.ActiveCfg = Release|Any CPU
		{9BFF44D9-8C5E-4397-ADCB-20B1F9A3279D}.Release|x86.Build.0 = Release|Any CPU
		{DEBA8562-631C-4D02-8A5F-9C51B60E4599}.Debug|Any CPU.ActiveCfg = Debug|Any CPU
		{DEBA8562-631C-4D02-8A5F-9C51B60E4599}.Debug|Any CPU.Build.0 = Debug|Any CPU
		{DEBA8562-631C-4D02-8A5F-9C51B60E4599}.Debug|x64.ActiveCfg = Debug|Any CPU
		{DEBA8562-631C-4D02-8A5F-9C51B60E4599}.Debug|x64.Build.0 = Debug|Any CPU
		{DEBA8562-631C-4D02-8A5F-9C51B60E4599}.Debug|x86.ActiveCfg = Debug|Any CPU
		{DEBA8562-631C-4D02-8A5F-9C51B60E4599}.Debug|x86.Build.0 = Debug|Any CPU
		{DEBA8562-631C-4D02-8A5F-9C51B60E4599}.Release|Any CPU.ActiveCfg = Release|Any CPU
		{DEBA8562-631C-4D02-8A5F-9C51B60E4599}.Release|Any CPU.Build.0 = Release|Any CPU
		{DEBA8562-631C-4D02-8A5F-9C51B60E4599}.Release|x64.ActiveCfg = Release|Any CPU
		{DEBA8562-631C-4D02-8A5F-9C51B60E4599}.Release|x64.Build.0 = Release|Any CPU
		{DEBA8562-631C-4D02-8A5F-9C51B60E4599}.Release|x86.ActiveCfg = Release|Any CPU
		{DEBA8562-631C-4D02-8A5F-9C51B60E4599}.Release|x86.Build.0 = Release|Any CPU
		{808D8732-7033-451F-8B91-3E20BD6E6C5E}.Debug|Any CPU.ActiveCfg = Debug|Any CPU
		{808D8732-7033-451F-8B91-3E20BD6E6C5E}.Debug|Any CPU.Build.0 = Debug|Any CPU
		{808D8732-7033-451F-8B91-3E20BD6E6C5E}.Debug|x64.ActiveCfg = Debug|Any CPU
		{808D8732-7033-451F-8B91-3E20BD6E6C5E}.Debug|x64.Build.0 = Debug|Any CPU
		{808D8732-7033-451F-8B91-3E20BD6E6C5E}.Debug|x86.ActiveCfg = Debug|Any CPU
		{808D8732-7033-451F-8B91-3E20BD6E6C5E}.Debug|x86.Build.0 = Debug|Any CPU
		{808D8732-7033-451F-8B91-3E20BD6E6C5E}.Release|Any CPU.ActiveCfg = Release|Any CPU
		{808D8732-7033-451F-8B91-3E20BD6E6C5E}.Release|Any CPU.Build.0 = Release|Any CPU
		{808D8732-7033-451F-8B91-3E20BD6E6C5E}.Release|x64.ActiveCfg = Release|Any CPU
		{808D8732-7033-451F-8B91-3E20BD6E6C5E}.Release|x64.Build.0 = Release|Any CPU
		{808D8732-7033-451F-8B91-3E20BD6E6C5E}.Release|x86.ActiveCfg = Release|Any CPU
		{808D8732-7033-451F-8B91-3E20BD6E6C5E}.Release|x86.Build.0 = Release|Any CPU
		{1C10F29D-7D5A-4A69-9179-3E0382D9EC84}.Debug|Any CPU.ActiveCfg = Debug|Any CPU
		{1C10F29D-7D5A-4A69-9179-3E0382D9EC84}.Debug|Any CPU.Build.0 = Debug|Any CPU
		{1C10F29D-7D5A-4A69-9179-3E0382D9EC84}.Debug|x64.ActiveCfg = Debug|Any CPU
		{1C10F29D-7D5A-4A69-9179-3E0382D9EC84}.Debug|x64.Build.0 = Debug|Any CPU
		{1C10F29D-7D5A-4A69-9179-3E0382D9EC84}.Debug|x86.ActiveCfg = Debug|Any CPU
		{1C10F29D-7D5A-4A69-9179-3E0382D9EC84}.Debug|x86.Build.0 = Debug|Any CPU
		{1C10F29D-7D5A-4A69-9179-3E0382D9EC84}.Release|Any CPU.ActiveCfg = Release|Any CPU
		{1C10F29D-7D5A-4A69-9179-3E0382D9EC84}.Release|Any CPU.Build.0 = Release|Any CPU
		{1C10F29D-7D5A-4A69-9179-3E0382D9EC84}.Release|x64.ActiveCfg = Release|Any CPU
		{1C10F29D-7D5A-4A69-9179-3E0382D9EC84}.Release|x64.Build.0 = Release|Any CPU
		{1C10F29D-7D5A-4A69-9179-3E0382D9EC84}.Release|x86.ActiveCfg = Release|Any CPU
		{1C10F29D-7D5A-4A69-9179-3E0382D9EC84}.Release|x86.Build.0 = Release|Any CPU
		{8CCC7FB8-F0DA-4C4C-896F-A316A98EBC26}.Debug|Any CPU.ActiveCfg = Debug|Any CPU
		{8CCC7FB8-F0DA-4C4C-896F-A316A98EBC26}.Debug|Any CPU.Build.0 = Debug|Any CPU
		{8CCC7FB8-F0DA-4C4C-896F-A316A98EBC26}.Debug|x64.ActiveCfg = Debug|Any CPU
		{8CCC7FB8-F0DA-4C4C-896F-A316A98EBC26}.Debug|x64.Build.0 = Debug|Any CPU
		{8CCC7FB8-F0DA-4C4C-896F-A316A98EBC26}.Debug|x86.ActiveCfg = Debug|Any CPU
		{8CCC7FB8-F0DA-4C4C-896F-A316A98EBC26}.Debug|x86.Build.0 = Debug|Any CPU
		{8CCC7FB8-F0DA-4C4C-896F-A316A98EBC26}.Release|Any CPU.ActiveCfg = Release|Any CPU
		{8CCC7FB8-F0DA-4C4C-896F-A316A98EBC26}.Release|Any CPU.Build.0 = Release|Any CPU
		{8CCC7FB8-F0DA-4C4C-896F-A316A98EBC26}.Release|x64.ActiveCfg = Release|Any CPU
		{8CCC7FB8-F0DA-4C4C-896F-A316A98EBC26}.Release|x64.Build.0 = Release|Any CPU
		{8CCC7FB8-F0DA-4C4C-896F-A316A98EBC26}.Release|x86.ActiveCfg = Release|Any CPU
		{8CCC7FB8-F0DA-4C4C-896F-A316A98EBC26}.Release|x86.Build.0 = Release|Any CPU
		{C80109B1-F61B-4E68-B280-80369A1AE4B4}.Debug|Any CPU.ActiveCfg = Debug|Any CPU
		{C80109B1-F61B-4E68-B280-80369A1AE4B4}.Debug|Any CPU.Build.0 = Debug|Any CPU
		{C80109B1-F61B-4E68-B280-80369A1AE4B4}.Debug|x64.ActiveCfg = Debug|Any CPU
		{C80109B1-F61B-4E68-B280-80369A1AE4B4}.Debug|x64.Build.0 = Debug|Any CPU
		{C80109B1-F61B-4E68-B280-80369A1AE4B4}.Debug|x86.ActiveCfg = Debug|Any CPU
		{C80109B1-F61B-4E68-B280-80369A1AE4B4}.Debug|x86.Build.0 = Debug|Any CPU
		{C80109B1-F61B-4E68-B280-80369A1AE4B4}.Release|Any CPU.ActiveCfg = Release|Any CPU
		{C80109B1-F61B-4E68-B280-80369A1AE4B4}.Release|Any CPU.Build.0 = Release|Any CPU
		{C80109B1-F61B-4E68-B280-80369A1AE4B4}.Release|x64.ActiveCfg = Release|Any CPU
		{C80109B1-F61B-4E68-B280-80369A1AE4B4}.Release|x64.Build.0 = Release|Any CPU
		{C80109B1-F61B-4E68-B280-80369A1AE4B4}.Release|x86.ActiveCfg = Release|Any CPU
		{C80109B1-F61B-4E68-B280-80369A1AE4B4}.Release|x86.Build.0 = Release|Any CPU
		{BAD9CB0C-D3B2-45BF-B185-B7D93A5CFB73}.Debug|Any CPU.ActiveCfg = Debug|Any CPU
		{BAD9CB0C-D3B2-45BF-B185-B7D93A5CFB73}.Debug|Any CPU.Build.0 = Debug|Any CPU
		{BAD9CB0C-D3B2-45BF-B185-B7D93A5CFB73}.Debug|x64.ActiveCfg = Debug|Any CPU
		{BAD9CB0C-D3B2-45BF-B185-B7D93A5CFB73}.Debug|x64.Build.0 = Debug|Any CPU
		{BAD9CB0C-D3B2-45BF-B185-B7D93A5CFB73}.Debug|x86.ActiveCfg = Debug|Any CPU
		{BAD9CB0C-D3B2-45BF-B185-B7D93A5CFB73}.Debug|x86.Build.0 = Debug|Any CPU
		{BAD9CB0C-D3B2-45BF-B185-B7D93A5CFB73}.Release|Any CPU.ActiveCfg = Release|Any CPU
		{BAD9CB0C-D3B2-45BF-B185-B7D93A5CFB73}.Release|Any CPU.Build.0 = Release|Any CPU
		{BAD9CB0C-D3B2-45BF-B185-B7D93A5CFB73}.Release|x64.ActiveCfg = Release|Any CPU
		{BAD9CB0C-D3B2-45BF-B185-B7D93A5CFB73}.Release|x64.Build.0 = Release|Any CPU
		{BAD9CB0C-D3B2-45BF-B185-B7D93A5CFB73}.Release|x86.ActiveCfg = Release|Any CPU
		{BAD9CB0C-D3B2-45BF-B185-B7D93A5CFB73}.Release|x86.Build.0 = Release|Any CPU
		{D634DCF4-26F9-4C7C-BFC0-BB588E396CC1}.Debug|Any CPU.ActiveCfg = Debug|Any CPU
		{D634DCF4-26F9-4C7C-BFC0-BB588E396CC1}.Debug|Any CPU.Build.0 = Debug|Any CPU
		{D634DCF4-26F9-4C7C-BFC0-BB588E396CC1}.Debug|x64.ActiveCfg = Debug|Any CPU
		{D634DCF4-26F9-4C7C-BFC0-BB588E396CC1}.Debug|x64.Build.0 = Debug|Any CPU
		{D634DCF4-26F9-4C7C-BFC0-BB588E396CC1}.Debug|x86.ActiveCfg = Debug|Any CPU
		{D634DCF4-26F9-4C7C-BFC0-BB588E396CC1}.Debug|x86.Build.0 = Debug|Any CPU
		{D634DCF4-26F9-4C7C-BFC0-BB588E396CC1}.Release|Any CPU.ActiveCfg = Release|Any CPU
		{D634DCF4-26F9-4C7C-BFC0-BB588E396CC1}.Release|Any CPU.Build.0 = Release|Any CPU
		{D634DCF4-26F9-4C7C-BFC0-BB588E396CC1}.Release|x64.ActiveCfg = Release|Any CPU
		{D634DCF4-26F9-4C7C-BFC0-BB588E396CC1}.Release|x64.Build.0 = Release|Any CPU
		{D634DCF4-26F9-4C7C-BFC0-BB588E396CC1}.Release|x86.ActiveCfg = Release|Any CPU
		{D634DCF4-26F9-4C7C-BFC0-BB588E396CC1}.Release|x86.Build.0 = Release|Any CPU
		{AD74A5DD-3195-41C6-A751-D90126B586F6}.Debug|Any CPU.ActiveCfg = Debug|Any CPU
		{AD74A5DD-3195-41C6-A751-D90126B586F6}.Debug|Any CPU.Build.0 = Debug|Any CPU
		{AD74A5DD-3195-41C6-A751-D90126B586F6}.Debug|x64.ActiveCfg = Debug|Any CPU
		{AD74A5DD-3195-41C6-A751-D90126B586F6}.Debug|x64.Build.0 = Debug|Any CPU
		{AD74A5DD-3195-41C6-A751-D90126B586F6}.Debug|x86.ActiveCfg = Debug|Any CPU
		{AD74A5DD-3195-41C6-A751-D90126B586F6}.Debug|x86.Build.0 = Debug|Any CPU
		{AD74A5DD-3195-41C6-A751-D90126B586F6}.Release|Any CPU.ActiveCfg = Release|Any CPU
		{AD74A5DD-3195-41C6-A751-D90126B586F6}.Release|Any CPU.Build.0 = Release|Any CPU
		{AD74A5DD-3195-41C6-A751-D90126B586F6}.Release|x64.ActiveCfg = Release|Any CPU
		{AD74A5DD-3195-41C6-A751-D90126B586F6}.Release|x64.Build.0 = Release|Any CPU
		{AD74A5DD-3195-41C6-A751-D90126B586F6}.Release|x86.ActiveCfg = Release|Any CPU
		{AD74A5DD-3195-41C6-A751-D90126B586F6}.Release|x86.Build.0 = Release|Any CPU
		{5F4624CD-7B25-4844-8F4F-42383C9D926F}.Debug|Any CPU.ActiveCfg = Debug|Any CPU
		{5F4624CD-7B25-4844-8F4F-42383C9D926F}.Debug|Any CPU.Build.0 = Debug|Any CPU
		{5F4624CD-7B25-4844-8F4F-42383C9D926F}.Debug|x64.ActiveCfg = Debug|Any CPU
		{5F4624CD-7B25-4844-8F4F-42383C9D926F}.Debug|x64.Build.0 = Debug|Any CPU
		{5F4624CD-7B25-4844-8F4F-42383C9D926F}.Debug|x86.ActiveCfg = Debug|Any CPU
		{5F4624CD-7B25-4844-8F4F-42383C9D926F}.Debug|x86.Build.0 = Debug|Any CPU
		{5F4624CD-7B25-4844-8F4F-42383C9D926F}.Release|Any CPU.ActiveCfg = Release|Any CPU
		{5F4624CD-7B25-4844-8F4F-42383C9D926F}.Release|Any CPU.Build.0 = Release|Any CPU
		{5F4624CD-7B25-4844-8F4F-42383C9D926F}.Release|x64.ActiveCfg = Release|Any CPU
		{5F4624CD-7B25-4844-8F4F-42383C9D926F}.Release|x64.Build.0 = Release|Any CPU
		{5F4624CD-7B25-4844-8F4F-42383C9D926F}.Release|x86.ActiveCfg = Release|Any CPU
		{5F4624CD-7B25-4844-8F4F-42383C9D926F}.Release|x86.Build.0 = Release|Any CPU
		{847B7E0C-9208-469A-AAAD-4911B29CA41B}.Debug|Any CPU.ActiveCfg = Debug|Any CPU
		{847B7E0C-9208-469A-AAAD-4911B29CA41B}.Debug|Any CPU.Build.0 = Debug|Any CPU
		{847B7E0C-9208-469A-AAAD-4911B29CA41B}.Debug|x64.ActiveCfg = Debug|Any CPU
		{847B7E0C-9208-469A-AAAD-4911B29CA41B}.Debug|x64.Build.0 = Debug|Any CPU
		{847B7E0C-9208-469A-AAAD-4911B29CA41B}.Debug|x86.ActiveCfg = Debug|Any CPU
		{847B7E0C-9208-469A-AAAD-4911B29CA41B}.Debug|x86.Build.0 = Debug|Any CPU
		{847B7E0C-9208-469A-AAAD-4911B29CA41B}.Release|Any CPU.ActiveCfg = Release|Any CPU
		{847B7E0C-9208-469A-AAAD-4911B29CA41B}.Release|Any CPU.Build.0 = Release|Any CPU
		{847B7E0C-9208-469A-AAAD-4911B29CA41B}.Release|x64.ActiveCfg = Release|Any CPU
		{847B7E0C-9208-469A-AAAD-4911B29CA41B}.Release|x64.Build.0 = Release|Any CPU
		{847B7E0C-9208-469A-AAAD-4911B29CA41B}.Release|x86.ActiveCfg = Release|Any CPU
		{847B7E0C-9208-469A-AAAD-4911B29CA41B}.Release|x86.Build.0 = Release|Any CPU
		{08CE6F5C-8A8C-4C1F-B2D0-8CCAC1E3E4BF}.Debug|Any CPU.ActiveCfg = Debug|Any CPU
		{08CE6F5C-8A8C-4C1F-B2D0-8CCAC1E3E4BF}.Debug|Any CPU.Build.0 = Debug|Any CPU
		{08CE6F5C-8A8C-4C1F-B2D0-8CCAC1E3E4BF}.Debug|x64.ActiveCfg = Debug|Any CPU
		{08CE6F5C-8A8C-4C1F-B2D0-8CCAC1E3E4BF}.Debug|x64.Build.0 = Debug|Any CPU
		{08CE6F5C-8A8C-4C1F-B2D0-8CCAC1E3E4BF}.Debug|x86.ActiveCfg = Debug|Any CPU
		{08CE6F5C-8A8C-4C1F-B2D0-8CCAC1E3E4BF}.Debug|x86.Build.0 = Debug|Any CPU
		{08CE6F5C-8A8C-4C1F-B2D0-8CCAC1E3E4BF}.Release|Any CPU.ActiveCfg = Release|Any CPU
		{08CE6F5C-8A8C-4C1F-B2D0-8CCAC1E3E4BF}.Release|Any CPU.Build.0 = Release|Any CPU
		{08CE6F5C-8A8C-4C1F-B2D0-8CCAC1E3E4BF}.Release|x64.ActiveCfg = Release|Any CPU
		{08CE6F5C-8A8C-4C1F-B2D0-8CCAC1E3E4BF}.Release|x64.Build.0 = Release|Any CPU
		{08CE6F5C-8A8C-4C1F-B2D0-8CCAC1E3E4BF}.Release|x86.ActiveCfg = Release|Any CPU
		{08CE6F5C-8A8C-4C1F-B2D0-8CCAC1E3E4BF}.Release|x86.Build.0 = Release|Any CPU
		{C9289F9F-A806-4FA8-A849-D0EB163C610B}.Debug|Any CPU.ActiveCfg = Debug|Any CPU
		{C9289F9F-A806-4FA8-A849-D0EB163C610B}.Debug|Any CPU.Build.0 = Debug|Any CPU
		{C9289F9F-A806-4FA8-A849-D0EB163C610B}.Debug|x64.ActiveCfg = Debug|Any CPU
		{C9289F9F-A806-4FA8-A849-D0EB163C610B}.Debug|x64.Build.0 = Debug|Any CPU
		{C9289F9F-A806-4FA8-A849-D0EB163C610B}.Debug|x86.ActiveCfg = Debug|Any CPU
		{C9289F9F-A806-4FA8-A849-D0EB163C610B}.Debug|x86.Build.0 = Debug|Any CPU
		{C9289F9F-A806-4FA8-A849-D0EB163C610B}.Release|Any CPU.ActiveCfg = Release|Any CPU
		{C9289F9F-A806-4FA8-A849-D0EB163C610B}.Release|Any CPU.Build.0 = Release|Any CPU
		{C9289F9F-A806-4FA8-A849-D0EB163C610B}.Release|x64.ActiveCfg = Release|Any CPU
		{C9289F9F-A806-4FA8-A849-D0EB163C610B}.Release|x64.Build.0 = Release|Any CPU
		{C9289F9F-A806-4FA8-A849-D0EB163C610B}.Release|x86.ActiveCfg = Release|Any CPU
		{C9289F9F-A806-4FA8-A849-D0EB163C610B}.Release|x86.Build.0 = Release|Any CPU
		{AA01F5CA-DF20-4269-9D6D-4A3583D3583A}.Debug|Any CPU.ActiveCfg = Debug|Any CPU
		{AA01F5CA-DF20-4269-9D6D-4A3583D3583A}.Debug|Any CPU.Build.0 = Debug|Any CPU
		{AA01F5CA-DF20-4269-9D6D-4A3583D3583A}.Debug|x64.ActiveCfg = Debug|Any CPU
		{AA01F5CA-DF20-4269-9D6D-4A3583D3583A}.Debug|x64.Build.0 = Debug|Any CPU
		{AA01F5CA-DF20-4269-9D6D-4A3583D3583A}.Debug|x86.ActiveCfg = Debug|Any CPU
		{AA01F5CA-DF20-4269-9D6D-4A3583D3583A}.Debug|x86.Build.0 = Debug|Any CPU
		{AA01F5CA-DF20-4269-9D6D-4A3583D3583A}.Release|Any CPU.ActiveCfg = Release|Any CPU
		{AA01F5CA-DF20-4269-9D6D-4A3583D3583A}.Release|Any CPU.Build.0 = Release|Any CPU
		{AA01F5CA-DF20-4269-9D6D-4A3583D3583A}.Release|x64.ActiveCfg = Release|Any CPU
		{AA01F5CA-DF20-4269-9D6D-4A3583D3583A}.Release|x64.Build.0 = Release|Any CPU
		{AA01F5CA-DF20-4269-9D6D-4A3583D3583A}.Release|x86.ActiveCfg = Release|Any CPU
		{AA01F5CA-DF20-4269-9D6D-4A3583D3583A}.Release|x86.Build.0 = Release|Any CPU
	EndGlobalSection
	GlobalSection(SolutionProperties) = preSolution
		HideSolutionNode = FALSE
	EndGlobalSection
	GlobalSection(NestedProjects) = preSolution
		{9A771072-8882-467E-A195-AA8B6BD04CFA} = {E113218C-951B-4C44-BE52-0BE17F0436C7}
		{2EAC4FE8-180B-4C2C-8D5D-58A8D573DB94} = {E113218C-951B-4C44-BE52-0BE17F0436C7}
		{85C32A85-DFF8-428A-A30B-5854E79A463B} = {E113218C-951B-4C44-BE52-0BE17F0436C7}
		{AF0B096A-9690-42EA-83E5-C330D1C34052} = {CC105548-7BF3-443A-8367-076B5A904C8F}
		{9BFF44D9-8C5E-4397-ADCB-20B1F9A3279D} = {CC105548-7BF3-443A-8367-076B5A904C8F}
		{DEBA8562-631C-4D02-8A5F-9C51B60E4599} = {CC105548-7BF3-443A-8367-076B5A904C8F}
		{808D8732-7033-451F-8B91-3E20BD6E6C5E} = {D4D155A2-0ADB-47FD-BC97-6DCB803BB9DB}
		{1C10F29D-7D5A-4A69-9179-3E0382D9EC84} = {D4D155A2-0ADB-47FD-BC97-6DCB803BB9DB}
		{8CCC7FB8-F0DA-4C4C-896F-A316A98EBC26} = {D4D155A2-0ADB-47FD-BC97-6DCB803BB9DB}
		{C80109B1-F61B-4E68-B280-80369A1AE4B4} = {7C774D11-57E1-46B8-8962-D1BD90D4CD70}
		{BAD9CB0C-D3B2-45BF-B185-B7D93A5CFB73} = {7C774D11-57E1-46B8-8962-D1BD90D4CD70}
		{D634DCF4-26F9-4C7C-BFC0-BB588E396CC1} = {7C774D11-57E1-46B8-8962-D1BD90D4CD70}
		{AD74A5DD-3195-41C6-A751-D90126B586F6} = {9AE8DCF5-DDBB-435E-93DE-BC241700D2AD}
		{5F4624CD-7B25-4844-8F4F-42383C9D926F} = {9AE8DCF5-DDBB-435E-93DE-BC241700D2AD}
		{847B7E0C-9208-469A-AAAD-4911B29CA41B} = {9AE8DCF5-DDBB-435E-93DE-BC241700D2AD}
		{08CE6F5C-8A8C-4C1F-B2D0-8CCAC1E3E4BF} = {A8E43950-8061-4028-BF22-68B794C152C9}
		{C9289F9F-A806-4FA8-A849-D0EB163C610B} = {A8E43950-8061-4028-BF22-68B794C152C9}
		{AA01F5CA-DF20-4269-9D6D-4A3583D3583A} = {A8E43950-8061-4028-BF22-68B794C152C9}
	EndGlobalSection
	GlobalSection(ExtensibilityGlobals) = postSolution
		SolutionGuid = {55358401-0B6E-4978-8E5E-D537D1A4D59E}
	EndGlobalSection
EndGlobal
